
Microsoft Visual Studio Solution File, Format Version 12.00
# Visual Studio Version 16
VisualStudioVersion = 16.0.30517.126
MinimumVisualStudioVersion = 10.0.40219.1
Project("{FAE04EC0-301F-11D3-BF4B-00C04F79EFBC}") = "NUnitTestProject1", "NUnitTestProject1\NUnitTestProject1.csproj", "{31679326-C757-4873-9F35-C86BD0C407E0}"
EndProject
Project("{FAE04EC0-301F-11D3-BF4B-00C04F79EFBC}") = "ConsoleApp1", "ConsoleApp1\ConsoleApp1.csproj", "{B6540A99-8482-4548-BEFB-958E35AD4769}"
EndProject
Project("{FAE04EC0-301F-11D3-BF4B-00C04F79EFBC}") = "ClassLibrary1", "ClassLibrary1\ClassLibrary1.csproj", "{B6FEE5A6-47AB-4C57-8E22-385CDC05A793}"
EndProject
Global
	GlobalSection(SolutionConfigurationPlatforms) = preSolution
		Debug|Any CPU = Debug|Any CPU
		Release|Any CPU = Release|Any CPU
	EndGlobalSection
	GlobalSection(ProjectConfigurationPlatforms) = postSolution
		{31679326-C757-4873-9F35-C86BD0C407E0}.Debug|Any CPU.ActiveCfg = Debug|Any CPU
		{31679326-C757-4873-9F35-C86BD0C407E0}.Debug|Any CPU.Build.0 = Debug|Any CPU
		{31679326-C757-4873-9F35-C86BD0C407E0}.Release|Any CPU.ActiveCfg = Release|Any CPU
		{31679326-C757-4873-9F35-C86BD0C407E0}.Release|Any CPU.Build.0 = Release|Any CPU
		{B6540A99-8482-4548-BEFB-958E35AD4769}.Debug|Any CPU.ActiveCfg = Debug|Any CPU
		{B6540A99-8482-4548-BEFB-958E35AD4769}.Debug|Any CPU.Build.0 = Debug|Any CPU
		{B6540A99-8482-4548-BEFB-958E35AD4769}.Release|Any CPU.ActiveCfg = Release|Any CPU
		{B6540A99-8482-4548-BEFB-958E35AD4769}.Release|Any CPU.Build.0 = Release|Any CPU
		{B6FEE5A6-47AB-4C57-8E22-385CDC05A793}.Debug|Any CPU.ActiveCfg = Debug|Any CPU
		{B6FEE5A6-47AB-4C57-8E22-385CDC05A793}.Debug|Any CPU.Build.0 = Debug|Any CPU
		{B6FEE5A6-47AB-4C57-8E22-385CDC05A793}.Release|Any CPU.ActiveCfg = Release|Any CPU
		{B6FEE5A6-47AB-4C57-8E22-385CDC05A793}.Release|Any CPU.Build.0 = Release|Any CPU
	EndGlobalSection
	GlobalSection(SolutionProperties) = preSolution
		HideSolutionNode = FALSE
	EndGlobalSection
	GlobalSection(ExtensibilityGlobals) = postSolution
		SolutionGuid = {44C5CE93-9118-4C17-A764-BFD4EB4801C3}
	EndGlobalSection
EndGlobal
